<?xml version="1.0" encoding="utf-8"?>
<Project ToolsVersion="4.0" xmlns="http://schemas.microsoft.com/developer/msbuild/2003">
  <ItemGroup>
    <Filter Include="Components">
      <UniqueIdentifier>{7de2847d-d887-4581-9907-4006523ef7a1}</UniqueIdentifier>
    </Filter>
    <Filter Include="Characters">
      <UniqueIdentifier>{c7e88084-37ac-49fd-a71d-6736cee9b6e6}</UniqueIdentifier>
    </Filter>
    <Filter Include="Items">
      <UniqueIdentifier>{ca1fe700-18f5-4cd4-8465-3f5c0da85ebb}</UniqueIdentifier>
    </Filter>
    <Filter Include="Core">
      <UniqueIdentifier>{003e20d4-91bb-4bd5-a5f3-faa36a209bda}</UniqueIdentifier>
    </Filter>
    <Filter Include="Objects">
      <UniqueIdentifier>{b9abc606-e2c6-4412-bf59-3f9201658834}</UniqueIdentifier>
    </Filter>
    <Filter Include="Utils">
      <UniqueIdentifier>{02365eb4-f4ac-489f-941c-b6876aa9138e}</UniqueIdentifier>
    </Filter>
    <Filter Include="UI">
      <UniqueIdentifier>{f0cfb19d-7e58-4f35-83db-264d8d2990f3}</UniqueIdentifier>
    </Filter>
  </ItemGroup>
  <ItemGroup>
    <ClCompile Include="src\Components\InventoryComponent.cpp">
      <Filter>Components</Filter>
    </ClCompile>
    <ClCompile Include="src\Characters\Character.cpp">
      <Filter>Characters</Filter>
    </ClCompile>
    <ClCompile Include="src\Items\Item.cpp">
      <Filter>Items</Filter>
    </ClCompile>
    <ClCompile Include="src\Core\Game.cpp">
      <Filter>Core</Filter>
    </ClCompile>
    <ClCompile Include="src\Core\TurnManager.cpp">
      <Filter>Core</Filter>
    </ClCompile>
    <ClCompile Include="src\Core\WorldManager.cpp">
      <Filter>Core</Filter>
    </ClCompile>
    <ClCompile Include="src\Characters\PlayerCharacter.cpp">
      <Filter>Characters</Filter>
    </ClCompile>
    <ClCompile Include="src\Utils\UIUtils.cpp">
      <Filter>Utils</Filter>
    </ClCompile>
    <ClCompile Include="src\UI\MainMenuScreen.cpp">
      <Filter>UI</Filter>
    </ClCompile>
    <ClCompile Include="src\UI\WorldCreator.cpp">
      <Filter>UI</Filter>
    </ClCompile>
    <ClCompile Include="src\Core\UIManager.cpp">
      <Filter>Core</Filter>
    </ClCompile>
    <ClCompile Include="src\Core\GameInstance.cpp">
      <Filter>Core</Filter>
    </ClCompile>
    <ClCompile Include="src\UI\CombatScreen.cpp">
      <Filter>UI</Filter>
    </ClCompile>
    <ClCompile Include="src\UI\DialogueScreen.cpp">
      <Filter>UI</Filter>
    </ClCompile>
    <ClCompile Include="src\UI\ExplorationScreen.cpp">
      <Filter>UI</Filter>
    </ClCompile>
    <ClCompile Include="src\UI\InventoryScreen.cpp">
      <Filter>UI</Filter>
    </ClCompile>
  </ItemGroup>
  <ItemGroup>
    <ClInclude Include="src\Components\InventoryComponent.h">
      <Filter>Components</Filter>
    </ClInclude>
    <ClInclude Include="src\Characters\Character.h">
      <Filter>Characters</Filter>
    </ClInclude>
    <ClInclude Include="src\Items\Item.h">
      <Filter>Items</Filter>
    </ClInclude>
    <ClInclude Include="src\Core\TurnManager.h">
      <Filter>Core</Filter>
    </ClInclude>
    <ClInclude Include="src\Objects\IGameEntity.h">
      <Filter>Objects</Filter>
    </ClInclude>
    <ClInclude Include="src\Core\WorldManager.h">
      <Filter>Core</Filter>
    </ClInclude>
    <ClInclude Include="src\Characters\PlayerCharacter.h">
      <Filter>Characters</Filter>
    </ClInclude>
    <ClInclude Include="src\Utils\Logger.h">
      <Filter>Utils</Filter>
    </ClInclude>
    <ClInclude Include="src\Utils\UIUtils.h">
      <Filter>Utils</Filter>
    </ClInclude>
    <ClInclude Include="src\UI\IUIScreen.h">
      <Filter>UI</Filter>
    </ClInclude>
    <ClInclude Include="src\UI\MainMenuScreen.h">
      <Filter>UI</Filter>
    </ClInclude>
    <ClInclude Include="src\UI\WorldCreator.h">
      <Filter>UI</Filter>
    </ClInclude>
    <ClInclude Include="src\Core\UIManager.h">
      <Filter>Core</Filter>
    </ClInclude>
    <ClInclude Include="src\Core\GameInstance.h">
      <Filter>Core</Filter>
    </ClInclude>
    <ClInclude Include="src\UI\CombatScreen.h">
      <Filter>UI</Filter>
    </ClInclude>
    <ClInclude Include="src\UI\DialogueScreen.h">
      <Filter>UI</Filter>
    </ClInclude>
    <ClInclude Include="src\UI\ExplorationScreen.h">
      <Filter>UI</Filter>
    </ClInclude>
    <ClInclude Include="src\UI\InventoryScreen.h">
      <Filter>UI</Filter>
    </ClInclude>
  </ItemGroup>
</Project>